{
  "name": "fse-skill-tree",
  "version": "1.0.0",
  "lockfileVersion": 1,
  "requires": true,
  "dependencies": {
    "abbrev": {
      "version": "1.1.1",
      "resolved": "http://registry.npm.taobao.org/abbrev/download/abbrev-1.1.1.tgz",
      "integrity": "sha1-+PLIh60Qv2f2NPAFtph/7TF5qsg="
    },
    "ansi-regex": {
      "version": "2.1.1",
      "resolved": "http://registry.npm.taobao.org/ansi-regex/download/ansi-regex-2.1.1.tgz",
      "integrity": "sha1-w7M6te42DYbg5ijwRorn7yfWVN8="
    },
    "aproba": {
      "version": "1.2.0",
      "resolved": "http://registry.npm.taobao.org/aproba/download/aproba-1.2.0.tgz",
      "integrity": "sha1-aALmJk79GMeQobDVF/DyYnvyyUo="
    },
    "are-we-there-yet": {
      "version": "1.1.4",
      "resolved": "http://registry.npm.taobao.org/are-we-there-yet/download/are-we-there-yet-1.1.4.tgz",
      "integrity": "sha1-u13KOCu5TwXhUZQ3PRb9O6HKEQ0=",
      "requires": {
        "delegates": "^1.0.0",
        "readable-stream": "^2.0.6"
      }
    },
    "asn1": {
      "version": "0.2.3",
      "resolved": "http://registry.npm.taobao.org/asn1/download/asn1-0.2.3.tgz",
      "integrity": "sha1-2sh4dxPJlmhJ/IGAd36+nB3fO4Y="
    },
    "assert-plus": {
      "version": "1.0.0",
      "resolved": "http://registry.npm.taobao.org/assert-plus/download/assert-plus-1.0.0.tgz",
      "integrity": "sha1-8S4PPF13sLHN2RRpQuTpbB5N1SU="
    },
    "asynckit": {
      "version": "0.4.0",
      "resolved": "http://registry.npm.taobao.org/asynckit/download/asynckit-0.4.0.tgz",
      "integrity": "sha1-x57Zf380y48robyXkLzDZkdLS3k="
    },
    "aws4": {
      "version": "1.6.0",
      "resolved": "http://registry.npm.taobao.org/aws4/download/aws4-1.6.0.tgz",
      "integrity": "sha1-g+9cqGCysy5KDe7e6MdxudtXRx4="
    },
    "balanced-match": {
      "version": "1.0.0",
      "resolved": "http://registry.npm.taobao.org/balanced-match/download/balanced-match-1.0.0.tgz",
      "integrity": "sha1-ibTRmasr7kneFk6gK4nORi1xt2c="
    },
    "bcrypt-pbkdf": {
      "version": "1.0.1",
      "resolved": "http://registry.npm.taobao.org/bcrypt-pbkdf/download/bcrypt-pbkdf-1.0.1.tgz",
      "integrity": "sha1-Y7xdy2EzG5K8Bf1SiVPDNGKgb40=",
      "optional": true,
      "requires": {
        "tweetnacl": "^0.14.3"
      }
    },
    "block-stream": {
      "version": "0.0.9",
      "resolved": "http://registry.npm.taobao.org/block-stream/download/block-stream-0.0.9.tgz",
      "integrity": "sha1-E+v+d4oDIFz+A3UUgeu0szAMEmo=",
      "requires": {
        "inherits": "~2.0.0"
      }
    },
    "brace-expansion": {
      "version": "1.1.11",
      "resolved": "http://registry.npm.taobao.org/brace-expansion/download/brace-expansion-1.1.11.tgz",
      "integrity": "sha1-PH/L9SnYcibz0vUrlm/1Jx60Qd0=",
      "requires": {
        "balanced-match": "^1.0.0",
        "concat-map": "0.0.1"
      }
    },
    "canvas-prebuilt": {
      "version": "1.6.5-prerelease.1",
      "resolved": "http://registry.npm.taobao.org/canvas-prebuilt/download/canvas-prebuilt-1.6.5-prerelease.1.tgz",
      "integrity": "sha1-aBSyC5yAg13MJL/WGZFHKIYwUhw=",
      "requires": {
        "node-pre-gyp": "^0.6.29",
        "parse-css-font": "^2.0.2",
        "units-css": "^0.4.0"
      }
    },
    "caseless": {
      "version": "0.12.0",
      "resolved": "http://registry.npm.taobao.org/caseless/download/caseless-0.12.0.tgz",
      "integrity": "sha1-G2gcIf+EAzyCZUMJBolCDRhxUdw="
    },
    "co": {
      "version": "4.6.0",
      "resolved": "http://registry.npm.taobao.org/co/download/co-4.6.0.tgz",
      "integrity": "sha1-bqa989hTrlTMuOR7+gvz+QMfsYQ="
    },
    "code-point-at": {
      "version": "1.1.0",
      "resolved": "http://registry.npm.taobao.org/code-point-at/download/code-point-at-1.1.0.tgz",
      "integrity": "sha1-DQcLTQQ6W+ozovGkDi7bPZpMz3c="
    },
    "combined-stream": {
      "version": "1.0.6",
      "resolved": "http://registry.npm.taobao.org/combined-stream/download/combined-stream-1.0.6.tgz",
      "integrity": "sha1-cj599ugBrFYTETp+RFqbactjKBg=",
      "requires": {
        "delayed-stream": "~1.0.0"
      }
    },
    "concat-map": {
      "version": "0.0.1",
      "resolved": "http://registry.npm.taobao.org/concat-map/download/concat-map-0.0.1.tgz",
      "integrity": "sha1-2Klr13/Wjfd5OnMDajug1UBdR3s="
    },
    "console-control-strings": {
      "version": "1.1.0",
      "resolved": "http://registry.npm.taobao.org/console-control-strings/download/console-control-strings-1.1.0.tgz",
      "integrity": "sha1-PXz0Rk22RG6mRL9LOVB/mFEAjo4="
    },
    "core-util-is": {
      "version": "1.0.2",
      "resolved": "http://registry.npm.taobao.org/core-util-is/download/core-util-is-1.0.2.tgz",
      "integrity": "sha1-tf1UIgqivFq1eqtxQMlAdUUDwac="
    },
    "css-font-size-keywords": {
      "version": "1.0.0",
      "resolved": "http://registry.npm.taobao.org/css-font-size-keywords/download/css-font-size-keywords-1.0.0.tgz",
      "integrity": "sha1-hUh1rOmspqjS7g00WkSq6btttss="
    },
    "css-font-stretch-keywords": {
      "version": "1.0.1",
      "resolved": "http://registry.npm.taobao.org/css-font-stretch-keywords/download/css-font-stretch-keywords-1.0.1.tgz",
      "integrity": "sha1-UM7puboDH7XJUtRyMTnx4Qe1SxA="
    },
    "css-font-style-keywords": {
      "version": "1.0.1",
      "resolved": "http://registry.npm.taobao.org/css-font-style-keywords/download/css-font-style-keywords-1.0.1.tgz",
      "integrity": "sha1-XDUygT9jtKHelU0TzqhqtDM0CeQ="
    },
    "css-font-weight-keywords": {
      "version": "1.0.0",
      "resolved": "http://registry.npm.taobao.org/css-font-weight-keywords/download/css-font-weight-keywords-1.0.0.tgz",
      "integrity": "sha1-m8BGcayFvHJLV07106yWsNYE/Zc="
    },
    "css-global-keywords": {
      "version": "1.0.1",
      "resolved": "http://registry.npm.taobao.org/css-global-keywords/download/css-global-keywords-1.0.1.tgz",
      "integrity": "sha1-cqmupyeW0Bmx0qMlLeTlqqN+Smk="
    },
    "css-list-helpers": {
      "version": "1.0.1",
      "resolved": "http://registry.npm.taobao.org/css-list-helpers/download/css-list-helpers-1.0.1.tgz",
      "integrity": "sha1-//VxkiAtuDJAxBaG+RnkSacCT30=",
      "requires": {
        "tcomb": "^2.5.0"
      }
    },
    "css-system-font-keywords": {
      "version": "1.0.0",
      "resolved": "http://registry.npm.taobao.org/css-system-font-keywords/download/css-system-font-keywords-1.0.0.tgz",
      "integrity": "sha1-hcbwhquk6zLFcaMIav/ENLhII+0="
    },
    "dashdash": {
      "version": "1.14.1",
      "resolved": "http://registry.npm.taobao.org/dashdash/download/dashdash-1.14.1.tgz",
      "integrity": "sha1-hTz6D3y+L+1d4gMmuN1YEDX24vA=",
      "requires": {
        "assert-plus": "^1.0.0"
      }
    },
    "debug": {
      "version": "2.6.9",
      "resolved": "http://registry.npm.taobao.org/debug/download/debug-2.6.9.tgz",
      "integrity": "sha1-XRKFFd8TT/Mn6QpMk/Tgd6U2NB8=",
      "requires": {
        "ms": "2.0.0"
      }
    },
    "deep-extend": {
      "version": "0.4.2",
      "resolved": "http://registry.npm.taobao.org/deep-extend/download/deep-extend-0.4.2.tgz",
      "integrity": "sha1-SLaZwn4zS/ifEIkr5DL25MfTSn8="
    },
    "delayed-stream": {
      "version": "1.0.0",
      "resolved": "http://registry.npm.taobao.org/delayed-stream/download/delayed-stream-1.0.0.tgz",
      "integrity": "sha1-3zrhmayt+31ECqrgsp4icrJOxhk="
    },
    "delegates": {
      "version": "1.0.0",
      "resolved": "http://registry.npm.taobao.org/delegates/download/delegates-1.0.0.tgz",
      "integrity": "sha1-hMbhWbgZBP3KWaDvRM2HDTElD5o="
    },
    "detect-libc": {
      "version": "1.0.3",
      "resolved": "http://registry.npm.taobao.org/detect-libc/download/detect-libc-1.0.3.tgz",
      "integrity": "sha1-+hN8S9aY7fVc1c0CrFWfkaTEups="
    },
    "ecc-jsbn": {
      "version": "0.1.1",
      "resolved": "http://registry.npm.taobao.org/ecc-jsbn/download/ecc-jsbn-0.1.1.tgz",
      "integrity": "sha1-D8c6ntXw1Tw4GTOYUj735UN3dQU=",
      "optional": true,
      "requires": {
        "jsbn": "~0.1.0"
      }
    },
    "echarts": {
      "version": "3.8.5",
      "resolved": "http://registry.npm.taobao.org/echarts/download/echarts-3.8.5.tgz",
      "integrity": "sha1-WOSlHSdDxvt1JXsNwKnPn1N4rA4=",
      "requires": {
        "zrender": "3.7.4"
      }
    },
    "extend": {
      "version": "3.0.1",
      "resolved": "http://registry.npm.taobao.org/extend/download/extend-3.0.1.tgz",
      "integrity": "sha1-p1Xqe8Gt/MWjHOfnYtuq3F5jZEQ="
    },
    "extsprintf": {
      "version": "1.3.0",
      "resolved": "http://registry.npm.taobao.org/extsprintf/download/extsprintf-1.3.0.tgz",
      "integrity": "sha1-lpGEQOMEGnpBT4xS48V06zw+HgU="
    },
    "forever-agent": {
      "version": "0.6.1",
      "resolved": "http://registry.npm.taobao.org/forever-agent/download/forever-agent-0.6.1.tgz",
      "integrity": "sha1-+8cfDEGt6zf5bFd60e1C2P2sypE="
    },
    "fs.realpath": {
      "version": "1.0.0",
      "resolved": "http://registry.npm.taobao.org/fs.realpath/download/fs.realpath-1.0.0.tgz",
      "integrity": "sha1-FQStJSMVjKpA20onh8sBQRmU6k8="
    },
    "fstream": {
      "version": "1.0.11",
      "resolved": "http://registry.npm.taobao.org/fstream/download/fstream-1.0.11.tgz",
      "integrity": "sha1-XB+x8RdHcRTwYyoOtLcbPLD9MXE=",
      "requires": {
        "graceful-fs": "^4.1.2",
        "inherits": "~2.0.0",
        "mkdirp": ">=0.5 0",
        "rimraf": "2"
      }
    },
    "fstream-ignore": {
      "version": "1.0.5",
      "resolved": "http://registry.npm.taobao.org/fstream-ignore/download/fstream-ignore-1.0.5.tgz",
      "integrity": "sha1-nDHa40dnAY/h0kmyTa2mfQktoQU=",
      "requires": {
        "fstream": "^1.0.0",
        "inherits": "2",
        "minimatch": "^3.0.0"
      }
    },
    "gauge": {
      "version": "2.7.4",
      "resolved": "http://registry.npm.taobao.org/gauge/download/gauge-2.7.4.tgz",
      "integrity": "sha1-LANAXHU4w51+s3sxcCLjJfsBi/c=",
      "requires": {
        "aproba": "^1.0.3",
        "console-control-strings": "^1.0.0",
        "has-unicode": "^2.0.0",
        "object-assign": "^4.1.0",
        "signal-exit": "^3.0.0",
        "string-width": "^1.0.1",
        "strip-ansi": "^3.0.1",
        "wide-align": "^1.1.0"
      }
    },
    "getpass": {
      "version": "0.1.7",
      "resolved": "http://registry.npm.taobao.org/getpass/download/getpass-0.1.7.tgz",
      "integrity": "sha1-Xv+OPmhNVprkyysSgmBOi6YhSfo=",
      "requires": {
        "assert-plus": "^1.0.0"
      }
    },
    "glob": {
      "version": "7.1.2",
      "resolved": "http://registry.npm.taobao.org/glob/download/glob-7.1.2.tgz",
      "integrity": "sha1-wZyd+aAocC1nhhI4SmVSQExjbRU=",
      "requires": {
        "fs.realpath": "^1.0.0",
        "inflight": "^1.0.4",
        "inherits": "2",
        "minimatch": "^3.0.4",
        "once": "^1.3.0",
        "path-is-absolute": "^1.0.0"
      }
    },
    "graceful-fs": {
      "version": "4.1.11",
      "resolved": "http://registry.npm.taobao.org/graceful-fs/download/graceful-fs-4.1.11.tgz",
      "integrity": "sha1-Dovf5NHduIVNZOBOp8AOKgJuVlg="
    },
    "has-unicode": {
      "version": "2.0.1",
      "resolved": "http://registry.npm.taobao.org/has-unicode/download/has-unicode-2.0.1.tgz",
      "integrity": "sha1-4Ob+aijPUROIVeCG0Wkedx3iqLk="
    },
    "inflight": {
      "version": "1.0.6",
      "resolved": "http://registry.npm.taobao.org/inflight/download/inflight-1.0.6.tgz",
      "integrity": "sha1-Sb1jMdfQLQwJvJEKEHW6gWW1bfk=",
      "requires": {
        "once": "^1.3.0",
        "wrappy": "1"
      }
    },
    "inherits": {
      "version": "2.0.3",
      "resolved": "http://registry.npm.taobao.org/inherits/download/inherits-2.0.3.tgz",
      "integrity": "sha1-Yzwsg+PaQqUC9SRmAiSA9CCCYd4="
    },
    "ini": {
      "version": "1.3.7",
      "resolved": "https://registry.npmjs.org/ini/-/ini-1.3.7.tgz",
      "integrity": "sha512-iKpRpXP+CrP2jyrxvg1kMUpXDyRUFDWurxbnVT1vQPx+Wz9uCYsMIqYuSBLV+PAaZG/d7kRLKRFc9oDMsH+mFQ=="
    },
    "is-fullwidth-code-point": {
      "version": "1.0.0",
      "resolved": "http://registry.npm.taobao.org/is-fullwidth-code-point/download/is-fullwidth-code-point-1.0.0.tgz",
      "integrity": "sha1-754xOG8DGn8NZDr4L95QxFfvAMs=",
      "requires": {
        "number-is-nan": "^1.0.0"
      }
    },
    "is-typedarray": {
      "version": "1.0.0",
      "resolved": "http://registry.npm.taobao.org/is-typedarray/download/is-typedarray-1.0.0.tgz",
      "integrity": "sha1-5HnICFjfDBsR3dppQPlgEfzaSpo="
    },
    "isarray": {
      "version": "1.0.0",
      "resolved": "http://registry.npm.taobao.org/isarray/download/isarray-1.0.0.tgz",
      "integrity": "sha1-u5NdSFgsuhaMBoNJV6VKPgcSTxE="
    },
    "isnumeric": {
      "version": "0.2.0",
      "resolved": "http://registry.npm.taobao.org/isnumeric/download/isnumeric-0.2.0.tgz",
      "integrity": "sha1-ojR7o2DeGeM9D/1ZD933dVy/LmQ="
    },
    "isstream": {
      "version": "0.1.2",
      "resolved": "http://registry.npm.taobao.org/isstream/download/isstream-0.1.2.tgz",
      "integrity": "sha1-R+Y/evVa+m+S4VAOaQ64uFKcCZo="
    },
    "jsbn": {
      "version": "0.1.1",
      "resolved": "http://registry.npm.taobao.org/jsbn/download/jsbn-0.1.1.tgz",
      "integrity": "sha1-peZUwuWi3rXyAdls77yoDA7y9RM=",
      "optional": true
    },
    "json-schema": {
      "version": "0.2.3",
      "resolved": "http://registry.npm.taobao.org/json-schema/download/json-schema-0.2.3.tgz",
      "integrity": "sha1-tIDIkuWaLwWVTOcnvT8qTogvnhM="
    },
    "json-stable-stringify": {
      "version": "1.0.1",
      "resolved": "http://registry.npm.taobao.org/json-stable-stringify/download/json-stable-stringify-1.0.1.tgz",
      "integrity": "sha1-mnWdOcXy/1A/1TAGRu1EX4jE+a8=",
      "requires": {
        "jsonify": "~0.0.0"
      }
    },
    "json-stringify-safe": {
      "version": "5.0.1",
      "resolved": "http://registry.npm.taobao.org/json-stringify-safe/download/json-stringify-safe-5.0.1.tgz",
      "integrity": "sha1-Epai1Y/UXxmg9s4B1lcB4sc1tus="
    },
    "jsonify": {
      "version": "0.0.0",
      "resolved": "http://registry.npm.taobao.org/jsonify/download/jsonify-0.0.0.tgz",
      "integrity": "sha1-LHS27kHZPKUbe1qu6PUDYx0lKnM="
    },
    "jsprim": {
      "version": "1.4.1",
      "resolved": "http://registry.npm.taobao.org/jsprim/download/jsprim-1.4.1.tgz",
      "integrity": "sha1-MT5mvB5cwG5Di8G3SZwuXFastqI=",
      "requires": {
        "assert-plus": "1.0.0",
        "extsprintf": "1.3.0",
        "json-schema": "0.2.3",
        "verror": "1.10.0"
      }
    },
    "mime-db": {
      "version": "1.33.0",
      "resolved": "http://registry.npm.taobao.org/mime-db/download/mime-db-1.33.0.tgz",
      "integrity": "sha1-o0kgUKXLm2NFBUHjnZeI0icng9s="
    },
    "mime-types": {
      "version": "2.1.18",
      "resolved": "http://registry.npm.taobao.org/mime-types/download/mime-types-2.1.18.tgz",
      "integrity": "sha1-bzI/YKg9ERRvgx/xH9ZuL+VQO7g=",
      "requires": {
        "mime-db": "~1.33.0"
      }
    },
    "minimatch": {
      "version": "3.0.4",
      "resolved": "http://registry.npm.taobao.org/minimatch/download/minimatch-3.0.4.tgz",
      "integrity": "sha1-UWbihkV/AzBgZL5Ul+jbsMPTIIM=",
      "requires": {
        "brace-expansion": "^1.1.7"
      }
    },
    "minimist": {
      "version": "0.0.8",
      "resolved": "http://registry.npm.taobao.org/minimist/download/minimist-0.0.8.tgz",
      "integrity": "sha1-hX/Kv8M5fSYluCKCYuhqp6ARsF0="
    },
    "mkdirp": {
      "version": "0.5.0",
      "resolved": "http://registry.npm.taobao.org/mkdirp/download/mkdirp-0.5.0.tgz",
      "integrity": "sha1-HXMHam35hs2TROFecfzAWkyavxI=",
      "requires": {
        "minimist": "0.0.8"
      }
    },
    "ms": {
      "version": "2.0.0",
      "resolved": "http://registry.npm.taobao.org/ms/download/ms-2.0.0.tgz",
      "integrity": "sha1-VgiurfwAvmwpAd9fmGF4jeDVl8g="
    },
    "node-echarts": {
      "version": "1.1.2",
      "resolved": "http://registry.npm.taobao.org/node-echarts/download/node-echarts-1.1.2.tgz",
      "integrity": "sha1-z9BTE8B5oDKU1nNeffI0Xq0QwQg=",
      "requires": {
        "canvas-prebuilt": "^1.6.5-prerelease.1",
        "echarts": "^3.6.2"
      }
    },
    "node-pre-gyp": {
      "version": "0.6.39",
      "resolved": "http://registry.npm.taobao.org/node-pre-gyp/download/node-pre-gyp-0.6.39.tgz",
      "integrity": "sha1-wA6WhgsjwOFCCse+/FBE4deNhkk=",
      "requires": {
        "detect-libc": "^1.0.2",
        "hawk": "3.1.3",
        "mkdirp": "^0.5.1",
        "nopt": "^4.0.1",
        "npmlog": "^4.0.2",
        "rc": "^1.1.7",
        "request": "2.81.0",
        "rimraf": "^2.6.1",
        "semver": "^5.3.0",
        "tar": "^2.2.1",
        "tar-pack": "^3.4.0"
      },
      "dependencies": {
        "ajv": {
          "version": "4.11.8",
          "resolved": "http://registry.npm.taobao.org/ajv/download/ajv-4.11.8.tgz",
          "integrity": "sha1-gv+wKynmYq5TvcIK8VlHcGc5xTY=",
          "requires": {
            "co": "^4.6.0",
            "json-stable-stringify": "^1.0.1"
          }
        },
        "assert-plus": {
          "version": "0.2.0",
          "resolved": "http://registry.npm.taobao.org/assert-plus/download/assert-plus-0.2.0.tgz",
          "integrity": "sha1-104bh+ev/A24qttwIfP+SBAasjQ="
        },
        "aws-sign2": {
          "version": "0.6.0",
          "resolved": "http://registry.npm.taobao.org/aws-sign2/download/aws-sign2-0.6.0.tgz",
          "integrity": "sha1-FDQt0428yU0OW4fXY81jYSwOeU8="
        },
        "boom": {
          "version": "2.10.1",
          "resolved": "http://registry.npm.taobao.org/boom/download/boom-2.10.1.tgz",
          "integrity": "sha1-OciRjO/1eZ+D+UkqhI9iWt0Mdm8=",
          "requires": {
            "hoek": "2.x.x"
          }
        },
        "cryptiles": {
          "version": "2.0.5",
          "resolved": "http://registry.npm.taobao.org/cryptiles/download/cryptiles-2.0.5.tgz",
          "integrity": "sha1-O9/s3GCBR8HGcgL6KR59ylnqo7g=",
          "requires": {
            "boom": "2.x.x"
          }
        },
        "form-data": {
          "version": "2.1.4",
          "resolved": "http://registry.npm.taobao.org/form-data/download/form-data-2.1.4.tgz",
          "integrity": "sha1-M8GDrPGTJ27KqYFDpp6Uv+4XUNE=",
          "requires": {
            "asynckit": "^0.4.0",
            "combined-stream": "^1.0.5",
            "mime-types": "^2.1.12"
          }
        },
        "har-schema": {
          "version": "1.0.5",
          "resolved": "http://registry.npm.taobao.org/har-schema/download/har-schema-1.0.5.tgz",
          "integrity": "sha1-0mMTX0MwfALGAq/I/pWXDAFRNp4="
        },
        "har-validator": {
          "version": "4.2.1",
          "resolved": "http://registry.npm.taobao.org/har-validator/download/har-validator-4.2.1.tgz",
          "integrity": "sha1-M0gdDxu/9gDdID11gSpqX7oALio=",
          "requires": {
            "ajv": "^4.9.1",
            "har-schema": "^1.0.5"
          }
        },
        "hawk": {
          "version": "3.1.3",
          "resolved": "http://registry.npm.taobao.org/hawk/download/hawk-3.1.3.tgz",
          "integrity": "sha1-B4REvXwWQLD+VA0sm3PVlnjo4cQ=",
          "requires": {
            "boom": "2.x.x",
            "cryptiles": "2.x.x",
            "hoek": "2.x.x",
            "sntp": "1.x.x"
          }
        },
        "hoek": {
          "version": "2.16.3",
          "resolved": "http://registry.npm.taobao.org/hoek/download/hoek-2.16.3.tgz",
          "integrity": "sha1-ILt0A9POo5jpHcRxCo/xuCdKJe0="
        },
        "http-signature": {
          "version": "1.1.1",
          "resolved": "http://registry.npm.taobao.org/http-signature/download/http-signature-1.1.1.tgz",
          "integrity": "sha1-33LiZwZs0Kxn+3at+OE0qPvPkb8=",
          "requires": {
            "assert-plus": "^0.2.0",
            "jsprim": "^1.2.2",
            "sshpk": "^1.7.0"
          }
        },
        "mkdirp": {
          "version": "0.5.1",
          "resolved": "http://registry.npm.taobao.org/mkdirp/download/mkdirp-0.5.1.tgz",
          "integrity": "sha1-MAV0OOrGz3+MR2fzhkjWaX11yQM=",
          "requires": {
            "minimist": "0.0.8"
          }
        },
        "performance-now": {
          "version": "0.2.0",
          "resolved": "http://registry.npm.taobao.org/performance-now/download/performance-now-0.2.0.tgz",
          "integrity": "sha1-M+8wxcd9TqIcWlOGnZG1bY8lVeU="
        },
        "qs": {
          "version": "6.4.0",
          "resolved": "http://registry.npm.taobao.org/qs/download/qs-6.4.0.tgz",
          "integrity": "sha1-E+JtKK1rD/qpExLNO/cI7TUecjM="
        },
        "request": {
          "version": "2.81.0",
          "resolved": "http://registry.npm.taobao.org/request/download/request-2.81.0.tgz",
          "integrity": "sha1-xpKJRqDgbF+Nb4qTM0af/aRimKA=",
          "requires": {
            "aws-sign2": "~0.6.0",
            "aws4": "^1.2.1",
            "caseless": "~0.12.0",
            "combined-stream": "~1.0.5",
            "extend": "~3.0.0",
            "forever-agent": "~0.6.1",
            "form-data": "~2.1.1",
            "har-validator": "~4.2.1",
            "hawk": "~3.1.3",
            "http-signature": "~1.1.0",
            "is-typedarray": "~1.0.0",
            "isstream": "~0.1.2",
            "json-stringify-safe": "~5.0.1",
            "mime-types": "~2.1.7",
            "oauth-sign": "~0.8.1",
            "performance-now": "^0.2.0",
            "qs": "~6.4.0",
            "safe-buffer": "^5.0.1",
            "stringstream": "~0.0.4",
            "tough-cookie": "~2.3.0",
            "tunnel-agent": "^0.6.0",
            "uuid": "^3.0.0"
          }
        },
        "sntp": {
          "version": "1.0.9",
          "resolved": "http://registry.npm.taobao.org/sntp/download/sntp-1.0.9.tgz",
          "integrity": "sha1-ZUEYTMkK7qbG57NeJlkIJEPGYZg=",
          "requires": {
            "hoek": "2.x.x"
          }
        }
      }
    },
    "nopt": {
      "version": "4.0.1",
      "resolved": "http://registry.npm.taobao.org/nopt/download/nopt-4.0.1.tgz",
      "integrity": "sha1-0NRoWv1UFRk8jHUFYC0NF81kR00=",
      "requires": {
        "abbrev": "1",
        "osenv": "^0.1.4"
      }
    },
    "npmlog": {
      "version": "4.1.2",
      "resolved": "http://registry.npm.taobao.org/npmlog/download/npmlog-4.1.2.tgz",
      "integrity": "sha1-CKfyqL9zRgR3mp76StXMcXq7lUs=",
      "requires": {
        "are-we-there-yet": "~1.1.2",
        "console-control-strings": "~1.1.0",
        "gauge": "~2.7.3",
        "set-blocking": "~2.0.0"
      }
    },
    "number-is-nan": {
      "version": "1.0.1",
      "resolved": "http://registry.npm.taobao.org/number-is-nan/download/number-is-nan-1.0.1.tgz",
      "integrity": "sha1-CXtgK1NCKlIsGvuHkDGDNpQaAR0="
    },
    "oauth-sign": {
      "version": "0.8.2",
      "resolved": "http://registry.npm.taobao.org/oauth-sign/download/oauth-sign-0.8.2.tgz",
      "integrity": "sha1-Rqarfwrq2N6unsBWV4C31O/rnUM="
    },
    "object-assign": {
      "version": "4.1.1",
      "resolved": "http://registry.npm.taobao.org/object-assign/download/object-assign-4.1.1.tgz",
      "integrity": "sha1-IQmtx5ZYh8/AXLvUQsrIv7s2CGM="
    },
    "once": {
      "version": "1.4.0",
      "resolved": "http://registry.npm.taobao.org/once/download/once-1.4.0.tgz",
      "integrity": "sha1-WDsap3WWHUsROsF9nFC6753Xa9E=",
      "requires": {
        "wrappy": "1"
      }
    },
    "os-homedir": {
      "version": "1.0.2",
      "resolved": "http://registry.npm.taobao.org/os-homedir/download/os-homedir-1.0.2.tgz",
      "integrity": "sha1-/7xJiDNuDoM94MFox+8VISGqf7M="
    },
    "os-tmpdir": {
      "version": "1.0.2",
      "resolved": "http://registry.npm.taobao.org/os-tmpdir/download/os-tmpdir-1.0.2.tgz",
      "integrity": "sha1-u+Z0BseaqFxc/sdm/lc0VV36EnQ="
    },
    "osenv": {
      "version": "0.1.5",
      "resolved": "http://registry.npm.taobao.org/osenv/download/osenv-0.1.5.tgz",
      "integrity": "sha1-hc36+uso6Gd/QW4odZK18/SepBA=",
      "requires": {
        "os-homedir": "^1.0.0",
        "os-tmpdir": "^1.0.0"
      }
    },
    "parse-css-font": {
      "version": "2.0.2",
      "resolved": "http://registry.npm.taobao.org/parse-css-font/download/parse-css-font-2.0.2.tgz",
      "integrity": "sha1-e2CwYHBaJam5C38O1JPlgjJIplI=",
      "requires": {
        "css-font-size-keywords": "^1.0.0",
        "css-font-stretch-keywords": "^1.0.1",
        "css-font-style-keywords": "^1.0.1",
        "css-font-weight-keywords": "^1.0.0",
        "css-global-keywords": "^1.0.1",
        "css-list-helpers": "^1.0.1",
        "css-system-font-keywords": "^1.0.0",
        "tcomb": "^2.5.0",
        "unquote": "^1.1.0"
      }
    },
    "path-is-absolute": {
      "version": "1.0.1",
      "resolved": "http://registry.npm.taobao.org/path-is-absolute/download/path-is-absolute-1.0.1.tgz",
      "integrity": "sha1-F0uSaHNVNP+8es5r9TpanhtcX18="
    },
    "process-nextick-args": {
      "version": "2.0.0",
      "resolved": "http://registry.npm.taobao.org/process-nextick-args/download/process-nextick-args-2.0.0.tgz",
      "integrity": "sha1-o31zL0JxtKsa0HDTVQjoKQeI/6o="
    },
    "punycode": {
      "version": "1.4.1",
      "resolved": "http://registry.npm.taobao.org/punycode/download/punycode-1.4.1.tgz",
      "integrity": "sha1-wNWmOycYgArY4esPpSachN1BhF4="
    },
    "rc": {
      "version": "1.2.5",
      "resolved": "http://registry.npm.taobao.org/rc/download/rc-1.2.5.tgz",
      "integrity": "sha1-J1zWh/bjs2zHVrqibf7oCnkDAf0=",
      "requires": {
        "deep-extend": "~0.4.0",
        "ini": "~1.3.0",
        "minimist": "^1.2.0",
        "strip-json-comments": "~2.0.1"
      },
      "dependencies": {
        "minimist": {
          "version": "1.2.0",
          "resolved": "http://registry.npm.taobao.org/minimist/download/minimist-1.2.0.tgz",
          "integrity": "sha1-o1AIsg9BOD7sH7kU9M1d95omQoQ="
        }
      }
    },
    "readable-stream": {
      "version": "2.3.5",
      "resolved": "http://registry.npm.taobao.org/readable-stream/download/readable-stream-2.3.5.tgz",
      "integrity": "sha1-tPhQA6k4y7bsvOKhJPsQEr0ag40=",
      "requires": {
        "core-util-is": "~1.0.0",
        "inherits": "~2.0.3",
        "isarray": "~1.0.0",
        "process-nextick-args": "~2.0.0",
        "safe-buffer": "~5.1.1",
        "string_decoder": "~1.0.3",
        "util-deprecate": "~1.0.1"
      }
    },
    "rimraf": {
      "version": "2.6.2",
      "resolved": "http://registry.npm.taobao.org/rimraf/download/rimraf-2.6.2.tgz",
      "integrity": "sha1-LtgVDSShbqhlHm1u8PR8QVjOejY=",
      "requires": {
        "glob": "^7.0.5"
      }
    },
    "safe-buffer": {
      "version": "5.1.1",
      "resolved": "http://registry.npm.taobao.org/safe-buffer/download/safe-buffer-5.1.1.tgz",
      "integrity": "sha1-iTMSr2myEj3vcfV4iQAWce6yyFM="
    },
    "semver": {
      "version": "5.5.0",
      "resolved": "http://registry.npm.taobao.org/semver/download/semver-5.5.0.tgz",
      "integrity": "sha1-3Eu8emyp2Rbe5dQ1FvAJK1j3uKs="
    },
    "set-blocking": {
      "version": "2.0.0",
      "resolved": "http://registry.npm.taobao.org/set-blocking/download/set-blocking-2.0.0.tgz",
      "integrity": "sha1-BF+XgtARrppoA93TgrJDkrPYkPc="
    },
    "signal-exit": {
      "version": "3.0.2",
      "resolved": "http://registry.npm.taobao.org/signal-exit/download/signal-exit-3.0.2.tgz",
      "integrity": "sha1-tf3AjxKH6hF4Yo5BXiUTK3NkbG0="
    },
    "sshpk": {
      "version": "1.13.1",
      "resolved": "http://registry.npm.taobao.org/sshpk/download/sshpk-1.13.1.tgz",
      "integrity": "sha1-US322mKHFEMW3EwY/hzx2UBzm+M=",
      "requires": {
        "asn1": "~0.2.3",
        "assert-plus": "^1.0.0",
        "bcrypt-pbkdf": "^1.0.0",
        "dashdash": "^1.12.0",
        "ecc-jsbn": "~0.1.1",
        "getpass": "^0.1.1",
        "jsbn": "~0.1.0",
        "tweetnacl": "~0.14.0"
      }
    },
    "string-width": {
      "version": "1.0.2",
      "resolved": "http://registry.npm.taobao.org/string-width/download/string-width-1.0.2.tgz",
      "integrity": "sha1-EYvfW4zcUaKn5w0hHgfisLmxB9M=",
      "requires": {
        "code-point-at": "^1.0.0",
        "is-fullwidth-code-point": "^1.0.0",
        "strip-ansi": "^3.0.0"
      }
    },
    "string_decoder": {
      "version": "1.0.3",
      "resolved": "http://registry.npm.taobao.org/string_decoder/download/string_decoder-1.0.3.tgz",
      "integrity": "sha1-D8Z9fBQYJd6UKC3VNr7GubzoYKs=",
      "requires": {
        "safe-buffer": "~5.1.0"
      }
    },
    "stringstream": {
      "version": "0.0.5",
      "resolved": "http://registry.npm.taobao.org/stringstream/download/stringstream-0.0.5.tgz",
      "integrity": "sha1-TkhM1N5aC7vuGORjB3EKioFiGHg="
    },
    "strip-ansi": {
      "version": "3.0.1",
      "resolved": "http://registry.npm.taobao.org/strip-ansi/download/strip-ansi-3.0.1.tgz",
      "integrity": "sha1-ajhfuIU9lS1f8F0Oiq+UJ43GPc8=",
      "requires": {
        "ansi-regex": "^2.0.0"
      }
    },
    "strip-json-comments": {
      "version": "2.0.1",
      "resolved": "http://registry.npm.taobao.org/strip-json-comments/download/strip-json-comments-2.0.1.tgz",
      "integrity": "sha1-PFMZQukIwml8DsNEhYwobHygpgo="
    },
    "tar": {
      "version": "2.2.1",
      "resolved": "http://registry.npm.taobao.org/tar/download/tar-2.2.1.tgz",
      "integrity": "sha1-jk0qJWwOIYXGsYrWlK7JaLg8sdE=",
      "requires": {
        "block-stream": "*",
        "fstream": "^1.0.2",
        "inherits": "2"
      }
    },
    "tar-pack": {
      "version": "3.4.1",
      "resolved": "http://registry.npm.taobao.org/tar-pack/download/tar-pack-3.4.1.tgz",
      "integrity": "sha1-4dvAOpudO6B+iWrQJzF+tnmhCh8=",
      "requires": {
        "debug": "^2.2.0",
        "fstream": "^1.0.10",
        "fstream-ignore": "^1.0.5",
        "once": "^1.3.3",
        "readable-stream": "^2.1.4",
        "rimraf": "^2.5.1",
        "tar": "^2.2.1",
        "uid-number": "^0.0.6"
      }
    },
    "tcomb": {
      "version": "2.7.0",
      "resolved": "http://registry.npm.taobao.org/tcomb/download/tcomb-2.7.0.tgz",
      "integrity": "sha1-ENYpWAQWaaXVNWe5pO6M3iKxwrA="
    },
    "tough-cookie": {
      "version": "2.3.4",
      "resolved": "http://registry.npm.taobao.org/tough-cookie/download/tough-cookie-2.3.4.tgz",
      "integrity": "sha1-7GDO44rGdQY//JelwYlwV47oNlU=",
      "requires": {
        "punycode": "^1.4.1"
      }
    },
    "tunnel-agent": {
      "version": "0.6.0",
      "resolved": "http://registry.npm.taobao.org/tunnel-agent/download/tunnel-agent-0.6.0.tgz",
      "integrity": "sha1-J6XeoGs2sEoKmWZ3SykIaPD8QP0=",
      "requires": {
        "safe-buffer": "^5.0.1"
      }
    },
    "tweetnacl": {
      "version": "0.14.5",
      "resolved": "http://registry.npm.taobao.org/tweetnacl/download/tweetnacl-0.14.5.tgz",
      "integrity": "sha1-WuaBd/GS1EViadEIr6k/+HQ/T2Q=",
      "optional": true
    },
    "uid-number": {
      "version": "0.0.6",
      "resolved": "http://registry.npm.taobao.org/uid-number/download/uid-number-0.0.6.tgz",
      "integrity": "sha1-DqEOgDXo61uOREnwbaHHMGY7qoE="
    },
    "units-css": {
      "version": "0.4.0",
      "resolved": "http://registry.npm.taobao.org/units-css/download/units-css-0.4.0.tgz",
      "integrity": "sha1-1iKGU6UZg9fBb/KPi53Dsf/tOgc=",
      "requires": {
        "isnumeric": "^0.2.0",
        "viewport-dimensions": "^0.2.0"
      }
    },
    "unquote": {
      "version": "1.1.1",
      "resolved": "http://registry.npm.taobao.org/unquote/download/unquote-1.1.1.tgz",
      "integrity": "sha1-j97XMk7G6IoP+LkF58CYzcCG1UQ="
    },
    "util-deprecate": {
      "version": "1.0.2",
      "resolved": "http://registry.npm.taobao.org/util-deprecate/download/util-deprecate-1.0.2.tgz",
      "integrity": "sha1-RQ1Nyfpw3nMnYvvS1KKJgUGaDM8="
    },
    "uuid": {
      "version": "3.2.1",
      "resolved": "http://registry.npm.taobao.org/uuid/download/uuid-3.2.1.tgz",
      "integrity": "sha1-EsUou51Y0LkmXZovbw/ovhf/HxQ="
    },
    "verror": {
      "version": "1.10.0",
      "resolved": "http://registry.npm.taobao.org/verror/download/verror-1.10.0.tgz",
      "integrity": "sha1-OhBcoXBTr1XW4nDB+CiGguGNpAA=",
      "requires": {
        "assert-plus": "^1.0.0",
        "core-util-is": "1.0.2",
        "extsprintf": "^1.2.0"
      }
    },
    "viewport-dimensions": {
      "version": "0.2.0",
      "resolved": "http://registry.npm.taobao.org/viewport-dimensions/download/viewport-dimensions-0.2.0.tgz",
      "integrity": "sha1-3nQHR9tTh/0XJfUXXpG6x2r982w="
    },
    "wide-align": {
      "version": "1.1.2",
      "resolved": "http://registry.npm.taobao.org/wide-align/download/wide-align-1.1.2.tgz",
      "integrity": "sha1-Vx4PGwYEY268DfwhsDObvjE0FxA=",
      "requires": {
        "string-width": "^1.0.2"
      }
    },
    "wrappy": {
      "version": "1.0.2",
      "resolved": "http://registry.npm.taobao.org/wrappy/download/wrappy-1.0.2.tgz",
      "integrity": "sha1-tSQ9jz7BqjXxNkYFvA0QNuMKtp8="
    },
    "zrender": {
      "version": "3.7.4",
      "resolved": "http://registry.npm.taobao.org/zrender/download/zrender-3.7.4.tgz",
      "integrity": "sha1-+EfVOUhIHvbUKQbR6prux6y+/fI="
    }
  }
}
